<Solution>
  <Folder Name="/src/">
    <Project Path="src/TodoTracker.Core/TodoTracker.Core.csproj" />
    <Project Path="src/TodoTracker.Windows/TodoTracker.Windows.csproj" />
  </Folder>
  <Folder Name="/tests/">
    <Project Path="tests/TodoTracker.Core.Tests/TodoTracker.Core.Tests.csproj" />
  </Folder>
</Solution>
